
Microsoft Visual Studio Solution File, Format Version 12.00
Project("{FAE04EC0-301F-11D3-BF4B-00C04F79EFBC}") = "AdventureS25", "AdventureS25\AdventureS25.csproj", "{2E8B3617-92F7-4E7C-9232-AEE398CA42E3}"
EndProject
Global
	GlobalSection(SolutionConfigurationPlatforms) = preSolution
		Debug|Any CPU = Debug|Any CPU
		Release|Any CPU = Release|Any CPU
	EndGlobalSection
	GlobalSection(ProjectConfigurationPlatforms) = postSolution
		{2E8B3617-92F7-4E7C-9232-AEE398CA42E3}.Debug|Any CPU.ActiveCfg = Debug|Any CPU
		{2E8B3617-92F7-4E7C-9232-AEE398CA42E3}.Debug|Any CPU.Build.0 = Debug|Any CPU
		{2E8B3617-92F7-4E7C-9232-AEE398CA42E3}.Release|Any CPU.ActiveCfg = Release|Any CPU
		{2E8B3617-92F7-4E7C-9232-AEE398CA42E3}.Release|Any CPU.Build.0 = Release|Any CPU
	EndGlobalSection
EndGlobal
